<?xml version="1.0" encoding="utf-8"?>
<Project ToolsVersion="4.0" xmlns="http://schemas.microsoft.com/developer/msbuild/2003">
  <ItemGroup>
    <Filter Include="소스 파일">
      <UniqueIdentifier>{4FC737F1-C7A5-4376-A066-2A32D752A2FF}</UniqueIdentifier>
      <Extensions>cpp;c;cc;cxx;c++;cppm;ixx;def;odl;idl;hpj;bat;asm;asmx</Extensions>
    </Filter>
    <Filter Include="헤더 파일">
      <UniqueIdentifier>{93995380-89BD-4b04-88EB-625FBE52EBFB}</UniqueIdentifier>
      <Extensions>h;hh;hpp;hxx;h++;hm;inl;inc;ipp;xsd</Extensions>
    </Filter>
    <Filter Include="리소스 파일">
      <UniqueIdentifier>{67DA6AB6-F800-4c08-8B7A-83BB121AAD01}</UniqueIdentifier>
      <Extensions>rc;ico;cur;bmp;dlg;rc2;rct;bin;rgs;gif;jpg;jpeg;jpe;resx;tiff;tif;png;wav;mfcribbon-ms</Extensions>
    </Filter>
    <Filter Include="소스 파일\LEA">
      <UniqueIdentifier>{3c8b72c6-303c-4a47-81ef-7455b7440be0}</UniqueIdentifier>
    </Filter>
    <Filter Include="소스 파일\SHA-2 Family">
      <UniqueIdentifier>{cc4a01a5-4055-4339-99b1-29f1f5595078}</UniqueIdentifier>
    </Filter>
    <Filter Include="소스 파일\src">
      <UniqueIdentifier>{f82ded53-6d74-44c6-bbe4-69ebc3248d6b}</UniqueIdentifier>
    </Filter>
    <Filter Include="소스 파일\Mode">
      <UniqueIdentifier>{fdccefe9-b209-40bd-b73b-649b4056c835}</UniqueIdentifier>
    </Filter>
    <Filter Include="소스 파일\HMAC">
      <UniqueIdentifier>{773d11a8-9a20-4403-a1e1-a52bedd47b2f}</UniqueIdentifier>
    </Filter>
    <Filter Include="소스 파일\DRBG">
      <UniqueIdentifier>{010ec0d5-207c-4da3-8f3f-6340f30443bd}</UniqueIdentifier>
    </Filter>
    <Filter Include="소스 파일\KAT">
      <UniqueIdentifier>{eaf5e187-a8b9-4930-b646-a6b8c39b7d0f}</UniqueIdentifier>
    </Filter>
  </ItemGroup>
  <ItemGroup>
    <ClCompile Include="main.c">
      <Filter>소스 파일\src</Filter>
    </ClCompile>
    <ClCompile Include="SHA-256 core.c">
      <Filter>소스 파일\SHA-2 Family</Filter>
    </ClCompile>
    <ClCompile Include="LEA core.c">
      <Filter>소스 파일\LEA</Filter>
    </ClCompile>
    <ClCompile Include="src.c">
      <Filter>소스 파일\src</Filter>
    </ClCompile>
    <ClCompile Include="hash.c">
      <Filter>소스 파일\SHA-2 Family</Filter>
    </ClCompile>
    <ClCompile Include="Mode core.c">
      <Filter>소스 파일\Mode</Filter>
    </ClCompile>
    <ClCompile Include="HMAC-core.c">
      <Filter>소스 파일\HMAC</Filter>
    </ClCompile>
    <ClCompile Include="src_test.c">
      <Filter>소스 파일\src</Filter>
    </ClCompile>
    <ClCompile Include="Mode.c">
      <Filter>소스 파일\Mode</Filter>
    </ClCompile>
    <ClCompile Include="MAC.c">
      <Filter>소스 파일\HMAC</Filter>
    </ClCompile>
    <ClCompile Include="DRBG core.c">
      <Filter>소스 파일\DRBG</Filter>
    </ClCompile>
    <ClCompile Include="DRBG.c">
      <Filter>소스 파일\DRBG</Filter>
    </ClCompile>
    <ClCompile Include="KAT_TEST.c">
      <Filter>소스 파일\KAT</Filter>
    </ClCompile>
    <ClCompile Include="HJ_crypto.c">
      <Filter>소스 파일\src</Filter>
    </ClCompile>
  </ItemGroup>
  <ItemGroup>
    <ClInclude Include="LEA.h">
      <Filter>소스 파일\LEA</Filter>
    </ClInclude>
    <ClInclude Include="SHA-2 core.h">
      <Filter>소스 파일\SHA-2 Family</Filter>
    </ClInclude>
    <ClInclude Include="HJ_crypto.h">
      <Filter>소스 파일\src</Filter>
    </ClInclude>
    <ClInclude Include="mode core.h">
      <Filter>소스 파일\Mode</Filter>
    </ClInclude>
    <ClInclude Include="HMAC-SHA.h">
      <Filter>소스 파일\HMAC</Filter>
    </ClInclude>
    <ClInclude Include="DRBG.h">
      <Filter>소스 파일\DRBG</Filter>
    </ClInclude>
    <ClInclude Include="KAT_TEST.h">
      <Filter>소스 파일\KAT</Filter>
    </ClInclude>
  </ItemGroup>
</Project>